
Microsoft Visual Studio Solution File, Format Version 12.00
# Visual Studio 14
VisualStudioVersion = 14.0.23107.0
MinimumVisualStudioVersion = 10.0.40219.1
Project("{FAE04EC0-301F-11D3-BF4B-00C04F79EFBC}") = "TeamCityTest", "TeamCityTest\TeamCityTest.csproj", "{DF716BE0-6022-4CF2-A09B-D9BE1F2B47CA}"
EndProject
Global
	GlobalSection(SolutionConfigurationPlatforms) = preSolution
		Debug|Any CPU = Debug|Any CPU
		Release|Any CPU = Release|Any CPU
	EndGlobalSection
	GlobalSection(ProjectConfigurationPlatforms) = postSolution
		{DF716BE0-6022-4CF2-A09B-D9BE1F2B47CA}.Debug|Any CPU.ActiveCfg = Debug|Any CPU
		{DF716BE0-6022-4CF2-A09B-D9BE1F2B47CA}.Debug|Any CPU.Build.0 = Debug|Any CPU
		{DF716BE0-6022-4CF2-A09B-D9BE1F2B47CA}.Release|Any CPU.ActiveCfg = Release|Any CPU
		{DF716BE0-6022-4CF2-A09B-D9BE1F2B47CA}.Release|Any CPU.Build.0 = Release|Any CPU
	EndGlobalSection
	GlobalSection(SolutionProperties) = preSolution
		HideSolutionNode = FALSE
	EndGlobalSection
EndGlobal
